
Microsoft Visual Studio Solution File, Format Version 12.00
# Visual Studio Version 17
VisualStudioVersion = 17.6.33829.357
MinimumVisualStudioVersion = 10.0.40219.1
Project("{888888A0-9F3D-457C-B088-3A5042F75D52}") = "storyT", "storyT.pyproj", "{B31A3ECD-300E-4841-9095-FAED2C251963}"
EndProject
Global
	GlobalSection(SolutionConfigurationPlatforms) = preSolution
		Debug|Any CPU = Debug|Any CPU
		Release|Any CPU = Release|Any CPU
	EndGlobalSection
	GlobalSection(ProjectConfigurationPlatforms) = postSolution
		{B31A3ECD-300E-4841-9095-FAED2C251963}.Debug|Any CPU.ActiveCfg = Debug|Any CPU
		{B31A3ECD-300E-4841-9095-FAED2C251963}.Release|Any CPU.ActiveCfg = Release|Any CPU
	EndGlobalSection
	GlobalSection(SolutionProperties) = preSolution
		HideSolutionNode = FALSE
	EndGlobalSection
	GlobalSection(ExtensibilityGlobals) = postSolution
		SolutionGuid = {E60295D6-77C5-4696-A27F-41ABEBE56C52}
	EndGlobalSection
EndGlobal
